
Microsoft Visual Studio Solution File, Format Version 12.00
# Visual Studio Version 17
VisualStudioVersion = 17.4.33205.214
MinimumVisualStudioVersion = 10.0.40219.1
Project("{9A19103F-16F7-4668-BE54-9A1E7A4F7556}") = "TcCodeFormatter", "TcCodeFormatter\TcCodeFormatter.csproj", "{CBB5A3D3-AE8B-4EDE-8CF6-7853B8FC7C68}"
EndProject
Project("{FAE04EC0-301F-11D3-BF4B-00C04F79EFBC}") = "TcCodeFormatterTests", "TcCodeFormatterTests\TcCodeFormatterTests.csproj", "{CC5E9D70-0E52-4330-9BF9-1B256B5A250C}"
EndProject
Global
	GlobalSection(SolutionConfigurationPlatforms) = preSolution
		Debug|Any CPU = Debug|Any CPU
		Release|Any CPU = Release|Any CPU
	EndGlobalSection
	GlobalSection(ProjectConfigurationPlatforms) = postSolution
		{CBB5A3D3-AE8B-4EDE-8CF6-7853B8FC7C68}.Debug|Any CPU.ActiveCfg = Debug|Any CPU
		{CBB5A3D3-AE8B-4EDE-8CF6-7853B8FC7C68}.Debug|Any CPU.Build.0 = Debug|Any CPU
		{CBB5A3D3-AE8B-4EDE-8CF6-7853B8FC7C68}.Release|Any CPU.ActiveCfg = Release|Any CPU
		{CBB5A3D3-AE8B-4EDE-8CF6-7853B8FC7C68}.Release|Any CPU.Build.0 = Release|Any CPU
		{CC5E9D70-0E52-4330-9BF9-1B256B5A250C}.Debug|Any CPU.ActiveCfg = Debug|Any CPU
		{CC5E9D70-0E52-4330-9BF9-1B256B5A250C}.Debug|Any CPU.Build.0 = Debug|Any CPU
		{CC5E9D70-0E52-4330-9BF9-1B256B5A250C}.Release|Any CPU.ActiveCfg = Release|Any CPU
		{CC5E9D70-0E52-4330-9BF9-1B256B5A250C}.Release|Any CPU.Build.0 = Release|Any CPU
	EndGlobalSection
	GlobalSection(SolutionProperties) = preSolution
		HideSolutionNode = FALSE
	EndGlobalSection
	GlobalSection(ExtensibilityGlobals) = postSolution
		SolutionGuid = {881063A5-F4C1-4F04-82E5-62D73EB496BD}
	EndGlobalSection
EndGlobal
